// !$*UTF8*$!
{
	archiveVersion = 1;
	classes = {
	};
	objectVersion = 50;
	objects = {

/* Begin PBXBuildFile section */
		D2F116732107C9E4001596D3 /* AppDelegate.swift in Sources */ = {isa = PBXBuildFile; fileRef = D2F116722107C9E4001596D3 /* AppDelegate.swift */; };
		D2F1167A2107C9E6001596D3 /* Assets.xcassets in Resources */ = {isa = PBXBuildFile; fileRef = D2F116792107C9E6001596D3 /* Assets.xcassets */; };
		D2F1167D2107C9E6001596D3 /* LaunchScreen.storyboard in Resources */ = {isa = PBXBuildFile; fileRef = D2F1167B2107C9E6001596D3 /* LaunchScreen.storyboard */; };
		D2F116852107CA51001596D3 /* MainVC.swift in Sources */ = {isa = PBXBuildFile; fileRef = D2F116842107CA51001596D3 /* MainVC.swift */; };
		D2F116882107CBF0001596D3 /* UIView+AutoLayout.swift in Sources */ = {isa = PBXBuildFile; fileRef = D2F116872107CBF0001596D3 /* UIView+AutoLayout.swift */; };
		D2F39DFA2107E840007FE57D /* iAd.framework in Frameworks */ = {isa = PBXBuildFile; fileRef = D2F39DF92107E83F007FE57D /* iAd.framework */; };
		D2F39DFC2107E846007FE57D /* AdSupport.framework in Frameworks */ = {isa = PBXBuildFile; fileRef = D2F39DFB2107E846007FE57D /* AdSupport.framework */; };
		D2F39DFE2107E885007FE57D /* AppsFlyerLib.framework in Frameworks */ = {isa = PBXBuildFile; fileRef = D2F39DFD2107E885007FE57D /* AppsFlyerLib.framework */; };
		D2F39E0021090F3A007FE57D /* MainVC+propertiesAnchors.swift in Sources */ = {isa = PBXBuildFile; fileRef = D2F39DFF21090F3A007FE57D /* MainVC+propertiesAnchors.swift */; };
		D2F39E0321092FEA007FE57D /* MainVC+AppsflyerTracker.swift in Sources */ = {isa = PBXBuildFile; fileRef = D2F39E0221092FEA007FE57D /* MainVC+AppsflyerTracker.swift */; };
		D2F39E0521093157007FE57D /* MainVC+AppsflyerTrackerGCD.swift in Sources */ = {isa = PBXBuildFile; fileRef = D2F39E0421093157007FE57D /* MainVC+AppsflyerTrackerGCD.swift */; };
		D2F39E07210A67F9007FE57D /* MainVC+TextViewLogger.swift in Sources */ = {isa = PBXBuildFile; fileRef = D2F39E06210A67F9007FE57D /* MainVC+TextViewLogger.swift */; };
		D2F39E09210A6D51007FE57D /* UIColor+RGB.swift in Sources */ = {isa = PBXBuildFile; fileRef = D2F39E08210A6D51007FE57D /* UIColor+RGB.swift */; };
/* End PBXBuildFile section */

/* Begin PBXFileReference section */
		D2F1166F2107C9E4001596D3 /* Appsflyer_SDK_Validator.app */ = {isa = PBXFileReference; explicitFileType = wrapper.application; includeInIndex = 0; path = Appsflyer_SDK_Validator.app; sourceTree = BUILT_PRODUCTS_DIR; };
		D2F116722107C9E4001596D3 /* AppDelegate.swift */ = {isa = PBXFileReference; lastKnownFileType = sourcecode.swift; path = AppDelegate.swift; sourceTree = "<group>"; };
		D2F116792107C9E6001596D3 /* Assets.xcassets */ = {isa = PBXFileReference; lastKnownFileType = folder.assetcatalog; path = Assets.xcassets; sourceTree = "<group>"; };
		D2F1167C2107C9E6001596D3 /* Base */ = {isa = PBXFileReference; lastKnownFileType = file.storyboard; name = Base; path = Base.lproj/LaunchScreen.storyboard; sourceTree = "<group>"; };
		D2F1167E2107C9E6001596D3 /* Info.plist */ = {isa = PBXFileReference; lastKnownFileType = text.plist.xml; path = Info.plist; sourceTree = "<group>"; };
		D2F116842107CA51001596D3 /* MainVC.swift */ = {isa = PBXFileReference; lastKnownFileType = sourcecode.swift; path = MainVC.swift; sourceTree = "<group>"; };
		D2F116872107CBF0001596D3 /* UIView+AutoLayout.swift */ = {isa = PBXFileReference; lastKnownFileType = sourcecode.swift; path = "UIView+AutoLayout.swift"; sourceTree = "<group>"; };
		D2F39DF92107E83F007FE57D /* iAd.framework */ = {isa = PBXFileReference; lastKnownFileType = wrapper.framework; name = iAd.framework; path = System/Library/Frameworks/iAd.framework; sourceTree = SDKROOT; };
		D2F39DFB2107E846007FE57D /* AdSupport.framework */ = {isa = PBXFileReference; lastKnownFileType = wrapper.framework; name = AdSupport.framework; path = System/Library/Frameworks/AdSupport.framework; sourceTree = SDKROOT; };
		D2F39DFD2107E885007FE57D /* AppsFlyerLib.framework */ = {isa = PBXFileReference; lastKnownFileType = wrapper.framework; path = AppsFlyerLib.framework; sourceTree = "<group>"; };
		D2F39DFF21090F3A007FE57D /* MainVC+propertiesAnchors.swift */ = {isa = PBXFileReference; lastKnownFileType = sourcecode.swift; path = "MainVC+propertiesAnchors.swift"; sourceTree = "<group>"; };
		D2F39E0221092FEA007FE57D /* MainVC+AppsflyerTracker.swift */ = {isa = PBXFileReference; lastKnownFileType = sourcecode.swift; path = "MainVC+AppsflyerTracker.swift"; sourceTree = "<group>"; };
		D2F39E0421093157007FE57D /* MainVC+AppsflyerTrackerGCD.swift */ = {isa = PBXFileReference; lastKnownFileType = sourcecode.swift; path = "MainVC+AppsflyerTrackerGCD.swift"; sourceTree = "<group>"; };
		D2F39E06210A67F9007FE57D /* MainVC+TextViewLogger.swift */ = {isa = PBXFileReference; lastKnownFileType = sourcecode.swift; path = "MainVC+TextViewLogger.swift"; sourceTree = "<group>"; };
		D2F39E08210A6D51007FE57D /* UIColor+RGB.swift */ = {isa = PBXFileReference; lastKnownFileType = sourcecode.swift; path = "UIColor+RGB.swift"; sourceTree = "<group>"; };
/* End PBXFileReference section */

/* Begin PBXFrameworksBuildPhase section */
		D2F1166C2107C9E4001596D3 /* Frameworks */ = {
			isa = PBXFrameworksBuildPhase;
			buildActionMask = 2147483647;
			files = (
				D2F39DFC2107E846007FE57D /* AdSupport.framework in Frameworks */,
				D2F39DFE2107E885007FE57D /* AppsFlyerLib.framework in Frameworks */,
				D2F39DFA2107E840007FE57D /* iAd.framework in Frameworks */,
			);
			runOnlyForDeploymentPostprocessing = 0;
		};
/* End PBXFrameworksBuildPhase section */

/* Begin PBXGroup section */
		D2F116662107C9E4001596D3 = {
			isa = PBXGroup;
			children = (
				D2F116712107C9E4001596D3 /* Appsflyer_SDK_Validator */,
				D2F116702107C9E4001596D3 /* Products */,
				D2F39DF82107E83F007FE57D /* Frameworks */,
			);
			sourceTree = "<group>";
		};
		D2F116702107C9E4001596D3 /* Products */ = {
			isa = PBXGroup;
			children = (
				D2F1166F2107C9E4001596D3 /* Appsflyer_SDK_Validator.app */,
			);
			name = Products;
			sourceTree = "<group>";
		};
		D2F116712107C9E4001596D3 /* Appsflyer_SDK_Validator */ = {
			isa = PBXGroup;
			children = (
				D2F116722107C9E4001596D3 /* AppDelegate.swift */,
				D2F116842107CA51001596D3 /* MainVC.swift */,
				D2F39E0121092FA1007FE57D /* MainVC+Extensions */,
				D2F116862107CBD0001596D3 /* util */,
				D2F116792107C9E6001596D3 /* Assets.xcassets */,
				D2F1167B2107C9E6001596D3 /* LaunchScreen.storyboard */,
				D2F1167E2107C9E6001596D3 /* Info.plist */,
			);
			path = Appsflyer_SDK_Validator;
			sourceTree = "<group>";
		};
		D2F116862107CBD0001596D3 /* util */ = {
			isa = PBXGroup;
			children = (
				D2F116872107CBF0001596D3 /* UIView+AutoLayout.swift */,
				D2F39E08210A6D51007FE57D /* UIColor+RGB.swift */,
			);
			path = util;
			sourceTree = "<group>";
		};
		D2F39DF82107E83F007FE57D /* Frameworks */ = {
			isa = PBXGroup;
			children = (
				D2F39DFD2107E885007FE57D /* AppsFlyerLib.framework */,
				D2F39DFB2107E846007FE57D /* AdSupport.framework */,
				D2F39DF92107E83F007FE57D /* iAd.framework */,
			);
			name = Frameworks;
			sourceTree = "<group>";
		};
		D2F39E0121092FA1007FE57D /* MainVC+Extensions */ = {
			isa = PBXGroup;
			children = (
				D2F39DFF21090F3A007FE57D /* MainVC+propertiesAnchors.swift */,
				D2F39E0221092FEA007FE57D /* MainVC+AppsflyerTracker.swift */,
				D2F39E0421093157007FE57D /* MainVC+AppsflyerTrackerGCD.swift */,
				D2F39E06210A67F9007FE57D /* MainVC+TextViewLogger.swift */,
			);
			path = "MainVC+Extensions";
			sourceTree = "<group>";
		};
/* End PBXGroup section */

/* Begin PBXNativeTarget section */
		D2F1166E2107C9E4001596D3 /* Appsflyer_SDK_Validator */ = {
			isa = PBXNativeTarget;
			buildConfigurationList = D2F116812107C9E6001596D3 /* Build configuration list for PBXNativeTarget "Appsflyer_SDK_Validator" */;
			buildPhases = (
				D2F1166B2107C9E4001596D3 /* Sources */,
				D2F1166C2107C9E4001596D3 /* Frameworks */,
				D2F1166D2107C9E4001596D3 /* Resources */,
			);
			buildRules = (
			);
			dependencies = (
			);
			name = Appsflyer_SDK_Validator;
			productName = Appsflyer_SDK_Validator;
			productReference = D2F1166F2107C9E4001596D3 /* Appsflyer_SDK_Validator.app */;
			productType = "com.apple.product-type.application";
		};
/* End PBXNativeTarget section */

/* Begin PBXProject section */
		D2F116672107C9E4001596D3 /* Project object */ = {
			isa = PBXProject;
			attributes = {
				LastSwiftUpdateCheck = 1000;
				LastUpgradeCheck = 1000;
				ORGANIZATIONNAME = "Julio Sanchez";
				TargetAttributes = {
					D2F1166E2107C9E4001596D3 = {
						CreatedOnToolsVersion = 10.0;
					};
				};
			};
			buildConfigurationList = D2F1166A2107C9E4001596D3 /* Build configuration list for PBXProject "Appsflyer_SDK_Validator" */;
			compatibilityVersion = "Xcode 9.3";
			developmentRegion = en;
			hasScannedForEncodings = 0;
			knownRegions = (
				en,
				Base,
			);
			mainGroup = D2F116662107C9E4001596D3;
			productRefGroup = D2F116702107C9E4001596D3 /* Products */;
			projectDirPath = "";
			projectRoot = "";
			targets = (
				D2F1166E2107C9E4001596D3 /* Appsflyer_SDK_Validator */,
			);
		};
/* End PBXProject section */

/* Begin PBXResourcesBuildPhase section */
		D2F1166D2107C9E4001596D3 /* Resources */ = {
			isa = PBXResourcesBuildPhase;
			buildActionMask = 2147483647;
			files = (
				D2F1167D2107C9E6001596D3 /* LaunchScreen.storyboard in Resources */,
				D2F1167A2107C9E6001596D3 /* Assets.xcassets in Resources */,
			);
			runOnlyForDeploymentPostprocessing = 0;
		};
/* End PBXResourcesBuildPhase section */

/* Begin PBXSourcesBuildPhase section */
		D2F1166B2107C9E4001596D3 /* Sources */ = {
			isa = PBXSourcesBuildPhase;
			buildActionMask = 2147483647;
			files = (
				D2F39E0521093157007FE57D /* MainVC+AppsflyerTrackerGCD.swift in Sources */,
				D2F116732107C9E4001596D3 /* AppDelegate.swift in Sources */,
				D2F39E07210A67F9007FE57D /* MainVC+TextViewLogger.swift in Sources */,
				D2F39E0021090F3A007FE57D /* MainVC+propertiesAnchors.swift in Sources */,
				D2F116882107CBF0001596D3 /* UIView+AutoLayout.swift in Sources */,
				D2F116852107CA51001596D3 /* MainVC.swift in Sources */,
				D2F39E0321092FEA007FE57D /* MainVC+AppsflyerTracker.swift in Sources */,
				D2F39E09210A6D51007FE57D /* UIColor+RGB.swift in Sources */,
			);
			runOnlyForDeploymentPostprocessing = 0;
		};
/* End PBXSourcesBuildPhase section */

/* Begin PBXVariantGroup section */
		D2F1167B2107C9E6001596D3 /* LaunchScreen.storyboard */ = {
			isa = PBXVariantGroup;
			children = (
				D2F1167C2107C9E6001596D3 /* Base */,
			);
			name = LaunchScreen.storyboard;
			sourceTree = "<group>";
		};
/* End PBXVariantGroup section */

/* Begin XCBuildConfiguration section */
		D2F1167F2107C9E6001596D3 /* Debug */ = {
			isa = XCBuildConfiguration;
			buildSettings = {
				ALWAYS_SEARCH_USER_PATHS = NO;
				CLANG_ANALYZER_NONNULL = YES;
				CLANG_ANALYZER_NUMBER_OBJECT_CONVERSION = YES_AGGRESSIVE;
				CLANG_CXX_LANGUAGE_STANDARD = "gnu++14";
				CLANG_CXX_LIBRARY = "libc++";
				CLANG_ENABLE_MODULES = YES;
				CLANG_ENABLE_OBJC_ARC = YES;
				CLANG_ENABLE_OBJC_WEAK = YES;
				CLANG_WARN_BLOCK_CAPTURE_AUTORELEASING = YES;
				CLANG_WARN_BOOL_CONVERSION = YES;
				CLANG_WARN_COMMA = YES;
				CLANG_WARN_CONSTANT_CONVERSION = YES;
				CLANG_WARN_DEPRECATED_OBJC_IMPLEMENTATIONS = YES;
				CLANG_WARN_DIRECT_OBJC_ISA_USAGE = YES_ERROR;
				CLANG_WARN_DOCUMENTATION_COMMENTS = YES;
				CLANG_WARN_EMPTY_BODY = YES;
				CLANG_WARN_ENUM_CONVERSION = YES;
				CLANG_WARN_INFINITE_RECURSION = YES;
				CLANG_WARN_INT_CONVERSION = YES;
				CLANG_WARN_NON_LITERAL_NULL_CONVERSION = YES;
				CLANG_WARN_OBJC_IMPLICIT_RETAIN_SELF = YES;
				CLANG_WARN_OBJC_LITERAL_CONVERSION = YES;
				CLANG_WARN_OBJC_ROOT_CLASS = YES_ERROR;
				CLANG_WARN_RANGE_LOOP_ANALYSIS = YES;
				CLANG_WARN_STRICT_PROTOTYPES = YES;
				CLANG_WARN_SUSPICIOUS_MOVE = YES;
				CLANG_WARN_UNGUARDED_AVAILABILITY = YES_AGGRESSIVE;
				CLANG_WARN_UNREACHABLE_CODE = YES;
				CLANG_WARN__DUPLICATE_METHOD_MATCH = YES;
				CODE_SIGN_IDENTITY = "iPhone Developer";
				COPY_PHASE_STRIP = NO;
				DEBUG_INFORMATION_FORMAT = dwarf;
				ENABLE_STRICT_OBJC_MSGSEND = YES;
				ENABLE_TESTABILITY = YES;
				GCC_C_LANGUAGE_STANDARD = gnu11;
				GCC_DYNAMIC_NO_PIC = NO;
				GCC_NO_COMMON_BLOCKS = YES;
				GCC_OPTIMIZATION_LEVEL = 0;
				GCC_PREPROCESSOR_DEFINITIONS = (
					"DEBUG=1",
					"$(inherited)",
				);
				GCC_WARN_64_TO_32_BIT_CONVERSION = YES;
				GCC_WARN_ABOUT_RETURN_TYPE = YES_ERROR;
				GCC_WARN_UNDECLARED_SELECTOR = YES;
				GCC_WARN_UNINITIALIZED_AUTOS = YES_AGGRESSIVE;
				GCC_WARN_UNUSED_FUNCTION = YES;
				GCC_WARN_UNUSED_VARIABLE = YES;
				IPHONEOS_DEPLOYMENT_TARGET = 12.0;
				MTL_ENABLE_DEBUG_INFO = INCLUDE_SOURCE;
				ONLY_ACTIVE_ARCH = YES;
				SDKROOT = iphoneos;
				SWIFT_ACTIVE_COMPILATION_CONDITIONS = DEBUG;
				SWIFT_OPTIMIZATION_LEVEL = "-Onone";
			};
			name = Debug;
		};
		D2F116802107C9E6001596D3 /* Release */ = {
			isa = XCBuildConfiguration;
			buildSettings = {
				ALWAYS_SEARCH_USER_PATHS = NO;
				CLANG_ANALYZER_NONNULL = YES;
				CLANG_ANALYZER_NUMBER_OBJECT_CONVERSION = YES_AGGRESSIVE;
				CLANG_CXX_LANGUAGE_STANDARD = "gnu++14";
				CLANG_CXX_LIBRARY = "libc++";
				CLANG_ENABLE_MODULES = YES;
				CLANG_ENABLE_OBJC_ARC = YES;
				CLANG_ENABLE_OBJC_WEAK = YES;
				CLANG_WARN_BLOCK_CAPTURE_AUTORELEASING = YES;
				CLANG_WARN_BOOL_CONVERSION = YES;
				CLANG_WARN_COMMA = YES;
				CLANG_WARN_CONSTANT_CONVERSION = YES;
				CLANG_WARN_DEPRECATED_OBJC_IMPLEMENTATIONS = YES;
				CLANG_WARN_DIRECT_OBJC_ISA_USAGE = YES_ERROR;
				CLANG_WARN_DOCUMENTATION_COMMENTS = YES;
				CLANG_WARN_EMPTY_BODY = YES;
				CLANG_WARN_ENUM_CONVERSION = YES;
				CLANG_WARN_INFINITE_RECURSION = YES;
				CLANG_WARN_INT_CONVERSION = YES;
				CLANG_WARN_NON_LITERAL_NULL_CONVERSION = YES;
				CLANG_WARN_OBJC_IMPLICIT_RETAIN_SELF = YES;
				CLANG_WARN_OBJC_LITERAL_CONVERSION = YES;
				CLANG_WARN_OBJC_ROOT_CLASS = YES_ERROR;
				CLANG_WARN_RANGE_LOOP_ANALYSIS = YES;
				CLANG_WARN_STRICT_PROTOTYPES = YES;
				CLANG_WARN_SUSPICIOUS_MOVE = YES;
				CLANG_WARN_UNGUARDED_AVAILABILITY = YES_AGGRESSIVE;
				CLANG_WARN_UNREACHABLE_CODE = YES;
				CLANG_WARN__DUPLICATE_METHOD_MATCH = YES;
				CODE_SIGN_IDENTITY = "iPhone Developer";
				COPY_PHASE_STRIP = NO;
				DEBUG_INFORMATION_FORMAT = "dwarf-with-dsym";
				ENABLE_NS_ASSERTIONS = NO;
				ENABLE_STRICT_OBJC_MSGSEND = YES;
				GCC_C_LANGUAGE_STANDARD = gnu11;
				GCC_NO_COMMON_BLOCKS = YES;
				GCC_WARN_64_TO_32_BIT_CONVERSION = YES;
				GCC_WARN_ABOUT_RETURN_TYPE = YES_ERROR;
				GCC_WARN_UNDECLARED_SELECTOR = YES;
				GCC_WARN_UNINITIALIZED_AUTOS = YES_AGGRESSIVE;
				GCC_WARN_UNUSED_FUNCTION = YES;
				GCC_WARN_UNUSED_VARIABLE = YES;
				IPHONEOS_DEPLOYMENT_TARGET = 12.0;
				MTL_ENABLE_DEBUG_INFO = NO;
				SDKROOT = iphoneos;
				SWIFT_COMPILATION_MODE = wholemodule;
				SWIFT_OPTIMIZATION_LEVEL = "-O";
				VALIDATE_PRODUCT = YES;
			};
			name = Release;
		};
		D2F116822107C9E6001596D3 /* Debug */ = {
			isa = XCBuildConfiguration;
			buildSettings = {
				ASSETCATALOG_COMPILER_APPICON_NAME = AppIcon;
				CODE_SIGN_STYLE = Automatic;
				DEVELOPMENT_TEAM = AECMEVD33K;
				FRAMEWORK_SEARCH_PATHS = (
					"$(inherited)",
					"$(PROJECT_DIR)",
				);
				INFOPLIST_FILE = Appsflyer_SDK_Validator/Info.plist;
				IPHONEOS_DEPLOYMENT_TARGET = 9.0;
				LD_RUNPATH_SEARCH_PATHS = (
					"$(inherited)",
					"@executable_path/Frameworks",
				);
				PRODUCT_BUNDLE_IDENTIFIER = "com.juio.Appsflyer-SDK-Validator";
				PRODUCT_NAME = "$(TARGET_NAME)";
				SWIFT_VERSION = 4.2;
				TARGETED_DEVICE_FAMILY = "1,2";
			};
			name = Debug;
		};
		D2F116832107C9E6001596D3 /* Release */ = {
			isa = XCBuildConfiguration;
			buildSettings = {
				ASSETCATALOG_COMPILER_APPICON_NAME = AppIcon;
				CODE_SIGN_STYLE = Automatic;
				DEVELOPMENT_TEAM = AECMEVD33K;
				FRAMEWORK_SEARCH_PATHS = (
					"$(inherited)",
					"$(PROJECT_DIR)",
				);
				INFOPLIST_FILE = Appsflyer_SDK_Validator/Info.plist;
				IPHONEOS_DEPLOYMENT_TARGET = 9.0;
				LD_RUNPATH_SEARCH_PATHS = (
					"$(inherited)",
					"@executable_path/Frameworks",
				);
				PRODUCT_BUNDLE_IDENTIFIER = "com.juio.Appsflyer-SDK-Validator";
				PRODUCT_NAME = "$(TARGET_NAME)";
				SWIFT_VERSION = 4.2;
				TARGETED_DEVICE_FAMILY = "1,2";
			};
			name = Release;
		};
/* End XCBuildConfiguration section */

/* Begin XCConfigurationList section */
		D2F1166A2107C9E4001596D3 /* Build configuration list for PBXProject "Appsflyer_SDK_Validator" */ = {
			isa = XCConfigurationList;
			buildConfigurations = (
				D2F1167F2107C9E6001596D3 /* Debug */,
				D2F116802107C9E6001596D3 /* Release */,
			);
			defaultConfigurationIsVisible = 0;
			defaultConfigurationName = Release;
		};
		D2F116812107C9E6001596D3 /* Build configuration list for PBXNativeTarget "Appsflyer_SDK_Validator" */ = {
			isa = XCConfigurationList;
			buildConfigurations = (
				D2F116822107C9E6001596D3 /* Debug */,
				D2F116832107C9E6001596D3 /* Release */,
			);
			defaultConfigurationIsVisible = 0;
			defaultConfigurationName = Release;
		};
/* End XCConfigurationList section */
	};
	rootObject = D2F116672107C9E4001596D3 /* Project object */;
}
